
Microsoft Visual Studio Solution File, Format Version 12.00
# Visual Studio 15
VisualStudioVersion = 15.0.26730.12
MinimumVisualStudioVersion = 10.0.40219.1
Project("{FAE04EC0-301F-11D3-BF4B-00C04F79EFBC}") = "DroneLander.Android", "DroneLander\DroneLander.Android\DroneLander.Android.csproj", "{883E445E-636D-42E3-B6EB-C2B4D0B84C46}"
EndProject
Project("{FAE04EC0-301F-11D3-BF4B-00C04F79EFBC}") = "DroneLander", "DroneLander\DroneLander\DroneLander.csproj", "{D3EAA74C-4030-414F-967C-CA044C8F3A37}"
EndProject
Project("{FAE04EC0-301F-11D3-BF4B-00C04F79EFBC}") = "DroneLander.UWP", "DroneLander\DroneLander.UWP\DroneLander.UWP.csproj", "{494634FC-E707-4D5E-BEE2-2B7910FFBED7}"
EndProject
Project("{FAE04EC0-301F-11D3-BF4B-00C04F79EFBC}") = "DroneLander.iOS", "DroneLander\DroneLander.iOS\DroneLander.iOS.csproj", "{41574C71-268C-4C0D-BAE5-78F8B11025B7}"
EndProject
Global
	GlobalSection(SolutionConfigurationPlatforms) = preSolution
		Ad-Hoc|Any CPU = Ad-Hoc|Any CPU
		Ad-Hoc|ARM = Ad-Hoc|ARM
		Ad-Hoc|iPhone = Ad-Hoc|iPhone
		Ad-Hoc|iPhoneSimulator = Ad-Hoc|iPhoneSimulator
		Ad-Hoc|x64 = Ad-Hoc|x64
		Ad-Hoc|x86 = Ad-Hoc|x86
		AppStore|Any CPU = AppStore|Any CPU
		AppStore|ARM = AppStore|ARM
		AppStore|iPhone = AppStore|iPhone
		AppStore|iPhoneSimulator = AppStore|iPhoneSimulator
		AppStore|x64 = AppStore|x64
		AppStore|x86 = AppStore|x86
		Debug|Any CPU = Debug|Any CPU
		Debug|ARM = Debug|ARM
		Debug|iPhone = Debug|iPhone
		Debug|iPhoneSimulator = Debug|iPhoneSimulator
		Debug|x64 = Debug|x64
		Debug|x86 = Debug|x86
		Release|Any CPU = Release|Any CPU
		Release|ARM = Release|ARM
		Release|iPhone = Release|iPhone
		Release|iPhoneSimulator = Release|iPhoneSimulator
		Release|x64 = Release|x64
		Release|x86 = Release|x86
	EndGlobalSection
	GlobalSection(ProjectConfigurationPlatforms) = postSolution
		{883E445E-636D-42E3-B6EB-C2B4D0B84C46}.Ad-Hoc|Any CPU.ActiveCfg = Release|Any CPU
		{883E445E-636D-42E3-B6EB-C2B4D0B84C46}.Ad-Hoc|Any CPU.Build.0 = Release|Any CPU
		{883E445E-636D-42E3-B6EB-C2B4D0B84C46}.Ad-Hoc|Any CPU.Deploy.0 = Release|Any CPU
		{883E445E-636D-42E3-B6EB-C2B4D0B84C46}.Ad-Hoc|ARM.ActiveCfg = Release|Any CPU
		{883E445E-636D-42E3-B6EB-C2B4D0B84C46}.Ad-Hoc|ARM.Build.0 = Release|Any CPU
		{883E445E-636D-42E3-B6EB-C2B4D0B84C46}.Ad-Hoc|ARM.Deploy.0 = Release|Any CPU
		{883E445E-636D-42E3-B6EB-C2B4D0B84C46}.Ad-Hoc|iPhone.ActiveCfg = Release|Any CPU
		{883E445E-636D-42E3-B6EB-C2B4D0B84C46}.Ad-Hoc|iPhone.Build.0 = Release|Any CPU
		{883E445E-636D-42E3-B6EB-C2B4D0B84C46}.Ad-Hoc|iPhone.Deploy.0 = Release|Any CPU
		{883E445E-636D-42E3-B6EB-C2B4D0B84C46}.Ad-Hoc|iPhoneSimulator.ActiveCfg = Release|Any CPU
		{883E445E-636D-42E3-B6EB-C2B4D0B84C46}.Ad-Hoc|iPhoneSimulator.Build.0 = Release|Any CPU
		{883E445E-636D-42E3-B6EB-C2B4D0B84C46}.Ad-Hoc|iPhoneSimulator.Deploy.0 = Release|Any CPU
		{883E445E-636D-42E3-B6EB-C2B4D0B84C46}.Ad-Hoc|x64.ActiveCfg = Release|Any CPU
		{883E445E-636D-42E3-B6EB-C2B4D0B84C46}.Ad-Hoc|x64.Build.0 = Release|Any CPU
		{883E445E-636D-42E3-B6EB-C2B4D0B84C46}.Ad-Hoc|x64.Deploy.0 = Release|Any CPU
		{883E445E-636D-42E3-B6EB-C2B4D0B84C46}.Ad-Hoc|x86.ActiveCfg = Release|Any CPU
		{883E445E-636D-42E3-B6EB-C2B4D0B84C46}.Ad-Hoc|x86.Build.0 = Release|Any CPU
		{883E445E-636D-42E3-B6EB-C2B4D0B84C46}.Ad-Hoc|x86.Deploy.0 = Release|Any CPU
		{883E445E-636D-42E3-B6EB-C2B4D0B84C46}.AppStore|Any CPU.ActiveCfg = Release|Any CPU
		{883E445E-636D-42E3-B6EB-C2B4D0B84C46}.AppStore|Any CPU.Build.0 = Release|Any CPU
		{883E445E-636D-42E3-B6EB-C2B4D0B84C46}.AppStore|Any CPU.Deploy.0 = Release|Any CPU
		{883E445E-636D-42E3-B6EB-C2B4D0B84C46}.AppStore|ARM.ActiveCfg = Release|Any CPU
		{883E445E-636D-42E3-B6EB-C2B4D0B84C46}.AppStore|ARM.Build.0 = Release|Any CPU
		{883E445E-636D-42E3-B6EB-C2B4D0B84C46}.AppStore|ARM.Deploy.0 = Release|Any CPU
		{883E445E-636D-42E3-B6EB-C2B4D0B84C46}.AppStore|iPhone.ActiveCfg = Release|Any CPU
		{883E445E-636D-42E3-B6EB-C2B4D0B84C46}.AppStore|iPhone.Build.0 = Release|Any CPU
		{883E445E-636D-42E3-B6EB-C2B4D0B84C46}.AppStore|iPhone.Deploy.0 = Release|Any CPU
		{883E445E-636D-42E3-B6EB-C2B4D0B84C46}.AppStore|iPhoneSimulator.ActiveCfg = Release|Any CPU
		{883E445E-636D-42E3-B6EB-C2B4D0B84C46}.AppStore|iPhoneSimulator.Build.0 = Release|Any CPU
		{883E445E-636D-42E3-B6EB-C2B4D0B84C46}.AppStore|iPhoneSimulator.Deploy.0 = Release|Any CPU
		{883E445E-636D-42E3-B6EB-C2B4D0B84C46}.AppStore|x64.ActiveCfg = Release|Any CPU
		{883E445E-636D-42E3-B6EB-C2B4D0B84C46}.AppStore|x64.Build.0 = Release|Any CPU
		{883E445E-636D-42E3-B6EB-C2B4D0B84C46}.AppStore|x64.Deploy.0 = Release|Any CPU
		{883E445E-636D-42E3-B6EB-C2B4D0B84C46}.AppStore|x86.ActiveCfg = Release|Any CPU
		{883E445E-636D-42E3-B6EB-C2B4D0B84C46}.AppStore|x86.Build.0 = Release|Any CPU
		{883E445E-636D-42E3-B6EB-C2B4D0B84C46}.AppStore|x86.Deploy.0 = Release|Any CPU
		{883E445E-636D-42E3-B6EB-C2B4D0B84C46}.Debug|Any CPU.ActiveCfg = Debug|Any CPU
		{883E445E-636D-42E3-B6EB-C2B4D0B84C46}.Debug|Any CPU.Build.0 = Debug|Any CPU
		{883E445E-636D-42E3-B6EB-C2B4D0B84C46}.Debug|Any CPU.Deploy.0 = Debug|Any CPU
		{883E445E-636D-42E3-B6EB-C2B4D0B84C46}.Debug|ARM.ActiveCfg = Debug|Any CPU
		{883E445E-636D-42E3-B6EB-C2B4D0B84C46}.Debug|ARM.Build.0 = Debug|Any CPU
		{883E445E-636D-42E3-B6EB-C2B4D0B84C46}.Debug|ARM.Deploy.0 = Debug|Any CPU
		{883E445E-636D-42E3-B6EB-C2B4D0B84C46}.Debug|iPhone.ActiveCfg = Debug|Any CPU
		{883E445E-636D-42E3-B6EB-C2B4D0B84C46}.Debug|iPhone.Build.0 = Debug|Any CPU
		{883E445E-636D-42E3-B6EB-C2B4D0B84C46}.Debug|iPhone.Deploy.0 = Debug|Any CPU
		{883E445E-636D-42E3-B6EB-C2B4D0B84C46}.Debug|iPhoneSimulator.ActiveCfg = Debug|Any CPU
		{883E445E-636D-42E3-B6EB-C2B4D0B84C46}.Debug|iPhoneSimulator.Build.0 = Debug|Any CPU
		{883E445E-636D-42E3-B6EB-C2B4D0B84C46}.Debug|iPhoneSimulator.Deploy.0 = Debug|Any CPU
		{883E445E-636D-42E3-B6EB-C2B4D0B84C46}.Debug|x64.ActiveCfg = Debug|Any CPU
		{883E445E-636D-42E3-B6EB-C2B4D0B84C46}.Debug|x64.Build.0 = Debug|Any CPU
		{883E445E-636D-42E3-B6EB-C2B4D0B84C46}.Debug|x64.Deploy.0 = Debug|Any CPU
		{883E445E-636D-42E3-B6EB-C2B4D0B84C46}.Debug|x86.ActiveCfg = Debug|Any CPU
		{883E445E-636D-42E3-B6EB-C2B4D0B84C46}.Debug|x86.Build.0 = Debug|Any CPU
		{883E445E-636D-42E3-B6EB-C2B4D0B84C46}.Debug|x86.Deploy.0 = Debug|Any CPU
		{883E445E-636D-42E3-B6EB-C2B4D0B84C46}.Release|Any CPU.ActiveCfg = Release|Any CPU
		{883E445E-636D-42E3-B6EB-C2B4D0B84C46}.Release|Any CPU.Build.0 = Release|Any CPU
		{883E445E-636D-42E3-B6EB-C2B4D0B84C46}.Release|Any CPU.Deploy.0 = Release|Any CPU
		{883E445E-636D-42E3-B6EB-C2B4D0B84C46}.Release|ARM.ActiveCfg = Release|Any CPU
		{883E445E-636D-42E3-B6EB-C2B4D0B84C46}.Release|ARM.Build.0 = Release|Any CPU
		{883E445E-636D-42E3-B6EB-C2B4D0B84C46}.Release|ARM.Deploy.0 = Release|Any CPU
		{883E445E-636D-42E3-B6EB-C2B4D0B84C46}.Release|iPhone.ActiveCfg = Release|Any CPU
		{883E445E-636D-42E3-B6EB-C2B4D0B84C46}.Release|iPhone.Build.0 = Release|Any CPU
		{883E445E-636D-42E3-B6EB-C2B4D0B84C46}.Release|iPhone.Deploy.0 = Release|Any CPU
		{883E445E-636D-42E3-B6EB-C2B4D0B84C46}.Release|iPhoneSimulator.ActiveCfg = Release|Any CPU
		{883E445E-636D-42E3-B6EB-C2B4D0B84C46}.Release|iPhoneSimulator.Build.0 = Release|Any CPU
		{883E445E-636D-42E3-B6EB-C2B4D0B84C46}.Release|iPhoneSimulator.Deploy.0 = Release|Any CPU
		{883E445E-636D-42E3-B6EB-C2B4D0B84C46}.Release|x64.ActiveCfg = Release|Any CPU
		{883E445E-636D-42E3-B6EB-C2B4D0B84C46}.Release|x64.Build.0 = Release|Any CPU
		{883E445E-636D-42E3-B6EB-C2B4D0B84C46}.Release|x64.Deploy.0 = Release|Any CPU
		{883E445E-636D-42E3-B6EB-C2B4D0B84C46}.Release|x86.ActiveCfg = Release|Any CPU
		{883E445E-636D-42E3-B6EB-C2B4D0B84C46}.Release|x86.Build.0 = Release|Any CPU
		{883E445E-636D-42E3-B6EB-C2B4D0B84C46}.Release|x86.Deploy.0 = Release|Any CPU
		{D3EAA74C-4030-414F-967C-CA044C8F3A37}.Ad-Hoc|Any CPU.ActiveCfg = Release|Any CPU
		{D3EAA74C-4030-414F-967C-CA044C8F3A37}.Ad-Hoc|Any CPU.Build.0 = Release|Any CPU
		{D3EAA74C-4030-414F-967C-CA044C8F3A37}.Ad-Hoc|ARM.ActiveCfg = Release|Any CPU
		{D3EAA74C-4030-414F-967C-CA044C8F3A37}.Ad-Hoc|ARM.Build.0 = Release|Any CPU
		{D3EAA74C-4030-414F-967C-CA044C8F3A37}.Ad-Hoc|iPhone.ActiveCfg = Release|Any CPU
		{D3EAA74C-4030-414F-967C-CA044C8F3A37}.Ad-Hoc|iPhone.Build.0 = Release|Any CPU
		{D3EAA74C-4030-414F-967C-CA044C8F3A37}.Ad-Hoc|iPhoneSimulator.ActiveCfg = Release|Any CPU
		{D3EAA74C-4030-414F-967C-CA044C8F3A37}.Ad-Hoc|iPhoneSimulator.Build.0 = Release|Any CPU
		{D3EAA74C-4030-414F-967C-CA044C8F3A37}.Ad-Hoc|x64.ActiveCfg = Release|Any CPU
		{D3EAA74C-4030-414F-967C-CA044C8F3A37}.Ad-Hoc|x64.Build.0 = Release|Any CPU
		{D3EAA74C-4030-414F-967C-CA044C8F3A37}.Ad-Hoc|x86.ActiveCfg = Release|Any CPU
		{D3EAA74C-4030-414F-967C-CA044C8F3A37}.Ad-Hoc|x86.Build.0 = Release|Any CPU
		{D3EAA74C-4030-414F-967C-CA044C8F3A37}.AppStore|Any CPU.ActiveCfg = Release|Any CPU
		{D3EAA74C-4030-414F-967C-CA044C8F3A37}.AppStore|Any CPU.Build.0 = Release|Any CPU
		{D3EAA74C-4030-414F-967C-CA044C8F3A37}.AppStore|ARM.ActiveCfg = Release|Any CPU
		{D3EAA74C-4030-414F-967C-CA044C8F3A37}.AppStore|ARM.Build.0 = Release|Any CPU
		{D3EAA74C-4030-414F-967C-CA044C8F3A37}.AppStore|iPhone.ActiveCfg = Release|Any CPU
		{D3EAA74C-4030-414F-967C-CA044C8F3A37}.AppStore|iPhone.Build.0 = Release|Any CPU
		{D3EAA74C-4030-414F-967C-CA044C8F3A37}.AppStore|iPhoneSimulator.ActiveCfg = Release|Any CPU
		{D3EAA74C-4030-414F-967C-CA044C8F3A37}.AppStore|iPhoneSimulator.Build.0 = Release|Any CPU
		{D3EAA74C-4030-414F-967C-CA044C8F3A37}.AppStore|x64.ActiveCfg = Release|Any CPU
		{D3EAA74C-4030-414F-967C-CA044C8F3A37}.AppStore|x64.Build.0 = Release|Any CPU
		{D3EAA74C-4030-414F-967C-CA044C8F3A37}.AppStore|x86.ActiveCfg = Release|Any CPU
		{D3EAA74C-4030-414F-967C-CA044C8F3A37}.AppStore|x86.Build.0 = Release|Any CPU
		{D3EAA74C-4030-414F-967C-CA044C8F3A37}.Debug|Any CPU.ActiveCfg = Debug|Any CPU
		{D3EAA74C-4030-414F-967C-CA044C8F3A37}.Debug|Any CPU.Build.0 = Debug|Any CPU
		{D3EAA74C-4030-414F-967C-CA044C8F3A37}.Debug|ARM.ActiveCfg = Debug|Any CPU
		{D3EAA74C-4030-414F-967C-CA044C8F3A37}.Debug|ARM.Build.0 = Debug|Any CPU
		{D3EAA74C-4030-414F-967C-CA044C8F3A37}.Debug|iPhone.ActiveCfg = Debug|Any CPU
		{D3EAA74C-4030-414F-967C-CA044C8F3A37}.Debug|iPhone.Build.0 = Debug|Any CPU
		{D3EAA74C-4030-414F-967C-CA044C8F3A37}.Debug|iPhoneSimulator.ActiveCfg = Debug|Any CPU
		{D3EAA74C-4030-414F-967C-CA044C8F3A37}.Debug|iPhoneSimulator.Build.0 = Debug|Any CPU
		{D3EAA74C-4030-414F-967C-CA044C8F3A37}.Debug|x64.ActiveCfg = Debug|Any CPU
		{D3EAA74C-4030-414F-967C-CA044C8F3A37}.Debug|x64.Build.0 = Debug|Any CPU
		{D3EAA74C-4030-414F-967C-CA044C8F3A37}.Debug|x86.ActiveCfg = Debug|Any CPU
		{D3EAA74C-4030-414F-967C-CA044C8F3A37}.Debug|x86.Build.0 = Debug|Any CPU
		{D3EAA74C-4030-414F-967C-CA044C8F3A37}.Release|Any CPU.ActiveCfg = Release|Any CPU
		{D3EAA74C-4030-414F-967C-CA044C8F3A37}.Release|Any CPU.Build.0 = Release|Any CPU
		{D3EAA74C-4030-414F-967C-CA044C8F3A37}.Release|ARM.ActiveCfg = Release|Any CPU
		{D3EAA74C-4030-414F-967C-CA044C8F3A37}.Release|ARM.Build.0 = Release|Any CPU
		{D3EAA74C-4030-414F-967C-CA044C8F3A37}.Release|iPhone.ActiveCfg = Release|Any CPU
		{D3EAA74C-4030-414F-967C-CA044C8F3A37}.Release|iPhone.Build.0 = Release|Any CPU
		{D3EAA74C-4030-414F-967C-CA044C8F3A37}.Release|iPhoneSimulator.ActiveCfg = Release|Any CPU
		{D3EAA74C-4030-414F-967C-CA044C8F3A37}.Release|iPhoneSimulator.Build.0 = Release|Any CPU
		{D3EAA74C-4030-414F-967C-CA044C8F3A37}.Release|x64.ActiveCfg = Release|Any CPU
		{D3EAA74C-4030-414F-967C-CA044C8F3A37}.Release|x64.Build.0 = Release|Any CPU
		{D3EAA74C-4030-414F-967C-CA044C8F3A37}.Release|x86.ActiveCfg = Release|Any CPU
		{D3EAA74C-4030-414F-967C-CA044C8F3A37}.Release|x86.Build.0 = Release|Any CPU
		{494634FC-E707-4D5E-BEE2-2B7910FFBED7}.Ad-Hoc|Any CPU.ActiveCfg = Release|x86
		{494634FC-E707-4D5E-BEE2-2B7910FFBED7}.Ad-Hoc|Any CPU.Build.0 = Release|x86
		{494634FC-E707-4D5E-BEE2-2B7910FFBED7}.Ad-Hoc|Any CPU.Deploy.0 = Release|x86
		{494634FC-E707-4D5E-BEE2-2B7910FFBED7}.Ad-Hoc|ARM.ActiveCfg = Release|ARM
		{494634FC-E707-4D5E-BEE2-2B7910FFBED7}.Ad-Hoc|ARM.Build.0 = Release|ARM
		{494634FC-E707-4D5E-BEE2-2B7910FFBED7}.Ad-Hoc|ARM.Deploy.0 = Release|ARM
		{494634FC-E707-4D5E-BEE2-2B7910FFBED7}.Ad-Hoc|iPhone.ActiveCfg = Release|x86
		{494634FC-E707-4D5E-BEE2-2B7910FFBED7}.Ad-Hoc|iPhone.Build.0 = Release|x86
		{494634FC-E707-4D5E-BEE2-2B7910FFBED7}.Ad-Hoc|iPhone.Deploy.0 = Release|x86
		{494634FC-E707-4D5E-BEE2-2B7910FFBED7}.Ad-Hoc|iPhoneSimulator.ActiveCfg = Release|x86
		{494634FC-E707-4D5E-BEE2-2B7910FFBED7}.Ad-Hoc|iPhoneSimulator.Build.0 = Release|x86
		{494634FC-E707-4D5E-BEE2-2B7910FFBED7}.Ad-Hoc|iPhoneSimulator.Deploy.0 = Release|x86
		{494634FC-E707-4D5E-BEE2-2B7910FFBED7}.Ad-Hoc|x64.ActiveCfg = Release|x64
		{494634FC-E707-4D5E-BEE2-2B7910FFBED7}.Ad-Hoc|x64.Build.0 = Release|x64
		{494634FC-E707-4D5E-BEE2-2B7910FFBED7}.Ad-Hoc|x64.Deploy.0 = Release|x64
		{494634FC-E707-4D5E-BEE2-2B7910FFBED7}.Ad-Hoc|x86.ActiveCfg = Release|x86
		{494634FC-E707-4D5E-BEE2-2B7910FFBED7}.Ad-Hoc|x86.Build.0 = Release|x86
		{494634FC-E707-4D5E-BEE2-2B7910FFBED7}.Ad-Hoc|x86.Deploy.0 = Release|x86
		{494634FC-E707-4D5E-BEE2-2B7910FFBED7}.AppStore|Any CPU.ActiveCfg = Release|x86
		{494634FC-E707-4D5E-BEE2-2B7910FFBED7}.AppStore|Any CPU.Build.0 = Release|x86
		{494634FC-E707-4D5E-BEE2-2B7910FFBED7}.AppStore|Any CPU.Deploy.0 = Release|x86
		{494634FC-E707-4D5E-BEE2-2B7910FFBED7}.AppStore|ARM.ActiveCfg = Release|ARM
		{494634FC-E707-4D5E-BEE2-2B7910FFBED7}.AppStore|ARM.Build.0 = Release|ARM
		{494634FC-E707-4D5E-BEE2-2B7910FFBED7}.AppStore|ARM.Deploy.0 = Release|ARM
		{494634FC-E707-4D5E-BEE2-2B7910FFBED7}.AppStore|iPhone.ActiveCfg = Release|x86
		{494634FC-E707-4D5E-BEE2-2B7910FFBED7}.AppStore|iPhone.Build.0 = Release|x86
		{494634FC-E707-4D5E-BEE2-2B7910FFBED7}.AppStore|iPhone.Deploy.0 = Release|x86
		{494634FC-E707-4D5E-BEE2-2B7910FFBED7}.AppStore|iPhoneSimulator.ActiveCfg = Release|x86
		{494634FC-E707-4D5E-BEE2-2B7910FFBED7}.AppStore|iPhoneSimulator.Build.0 = Release|x86
		{494634FC-E707-4D5E-BEE2-2B7910FFBED7}.AppStore|iPhoneSimulator.Deploy.0 = Release|x86
		{494634FC-E707-4D5E-BEE2-2B7910FFBED7}.AppStore|x64.ActiveCfg = Release|x64
		{494634FC-E707-4D5E-BEE2-2B7910FFBED7}.AppStore|x64.Build.0 = Release|x64
		{494634FC-E707-4D5E-BEE2-2B7910FFBED7}.AppStore|x64.Deploy.0 = Release|x64
		{494634FC-E707-4D5E-BEE2-2B7910FFBED7}.AppStore|x86.ActiveCfg = Release|x86
		{494634FC-E707-4D5E-BEE2-2B7910FFBED7}.AppStore|x86.Build.0 = Release|x86
		{494634FC-E707-4D5E-BEE2-2B7910FFBED7}.AppStore|x86.Deploy.0 = Release|x86
		{494634FC-E707-4D5E-BEE2-2B7910FFBED7}.Debug|Any CPU.ActiveCfg = Debug|x86
		{494634FC-E707-4D5E-BEE2-2B7910FFBED7}.Debug|ARM.ActiveCfg = Debug|ARM
		{494634FC-E707-4D5E-BEE2-2B7910FFBED7}.Debug|ARM.Build.0 = Debug|ARM
		{494634FC-E707-4D5E-BEE2-2B7910FFBED7}.Debug|ARM.Deploy.0 = Debug|ARM
		{494634FC-E707-4D5E-BEE2-2B7910FFBED7}.Debug|iPhone.ActiveCfg = Debug|x86
		{494634FC-E707-4D5E-BEE2-2B7910FFBED7}.Debug|iPhoneSimulator.ActiveCfg = Debug|x86
		{494634FC-E707-4D5E-BEE2-2B7910FFBED7}.Debug|x64.ActiveCfg = Debug|x64
		{494634FC-E707-4D5E-BEE2-2B7910FFBED7}.Debug|x64.Build.0 = Debug|x64
		{494634FC-E707-4D5E-BEE2-2B7910FFBED7}.Debug|x64.Deploy.0 = Debug|x64
		{494634FC-E707-4D5E-BEE2-2B7910FFBED7}.Debug|x86.ActiveCfg = Debug|x86
		{494634FC-E707-4D5E-BEE2-2B7910FFBED7}.Debug|x86.Build.0 = Debug|x86
		{494634FC-E707-4D5E-BEE2-2B7910FFBED7}.Debug|x86.Deploy.0 = Debug|x86
		{494634FC-E707-4D5E-BEE2-2B7910FFBED7}.Release|Any CPU.ActiveCfg = Release|x86
		{494634FC-E707-4D5E-BEE2-2B7910FFBED7}.Release|ARM.ActiveCfg = Release|ARM
		{494634FC-E707-4D5E-BEE2-2B7910FFBED7}.Release|ARM.Build.0 = Release|ARM
		{494634FC-E707-4D5E-BEE2-2B7910FFBED7}.Release|ARM.Deploy.0 = Release|ARM
		{494634FC-E707-4D5E-BEE2-2B7910FFBED7}.Release|iPhone.ActiveCfg = Release|x86
		{494634FC-E707-4D5E-BEE2-2B7910FFBED7}.Release|iPhoneSimulator.ActiveCfg = Release|x86
		{494634FC-E707-4D5E-BEE2-2B7910FFBED7}.Release|x64.ActiveCfg = Release|x64
		{494634FC-E707-4D5E-BEE2-2B7910FFBED7}.Release|x64.Build.0 = Release|x64
		{494634FC-E707-4D5E-BEE2-2B7910FFBED7}.Release|x64.Deploy.0 = Release|x64
		{494634FC-E707-4D5E-BEE2-2B7910FFBED7}.Release|x86.ActiveCfg = Release|x86
		{494634FC-E707-4D5E-BEE2-2B7910FFBED7}.Release|x86.Build.0 = Release|x86
		{494634FC-E707-4D5E-BEE2-2B7910FFBED7}.Release|x86.Deploy.0 = Release|x86
		{41574C71-268C-4C0D-BAE5-78F8B11025B7}.Ad-Hoc|Any CPU.ActiveCfg = Ad-Hoc|iPhone
		{41574C71-268C-4C0D-BAE5-78F8B11025B7}.Ad-Hoc|ARM.ActiveCfg = Ad-Hoc|iPhone
		{41574C71-268C-4C0D-BAE5-78F8B11025B7}.Ad-Hoc|iPhone.ActiveCfg = Ad-Hoc|iPhone
		{41574C71-268C-4C0D-BAE5-78F8B11025B7}.Ad-Hoc|iPhone.Build.0 = Ad-Hoc|iPhone
		{41574C71-268C-4C0D-BAE5-78F8B11025B7}.Ad-Hoc|iPhoneSimulator.ActiveCfg = Ad-Hoc|iPhoneSimulator
		{41574C71-268C-4C0D-BAE5-78F8B11025B7}.Ad-Hoc|iPhoneSimulator.Build.0 = Ad-Hoc|iPhoneSimulator
		{41574C71-268C-4C0D-BAE5-78F8B11025B7}.Ad-Hoc|x64.ActiveCfg = Ad-Hoc|iPhone
		{41574C71-268C-4C0D-BAE5-78F8B11025B7}.Ad-Hoc|x86.ActiveCfg = Ad-Hoc|iPhone
		{41574C71-268C-4C0D-BAE5-78F8B11025B7}.AppStore|Any CPU.ActiveCfg = AppStore|iPhone
		{41574C71-268C-4C0D-BAE5-78F8B11025B7}.AppStore|ARM.ActiveCfg = AppStore|iPhone
		{41574C71-268C-4C0D-BAE5-78F8B11025B7}.AppStore|iPhone.ActiveCfg = AppStore|iPhone
		{41574C71-268C-4C0D-BAE5-78F8B11025B7}.AppStore|iPhone.Build.0 = AppStore|iPhone
		{41574C71-268C-4C0D-BAE5-78F8B11025B7}.AppStore|iPhoneSimulator.ActiveCfg = AppStore|iPhoneSimulator
		{41574C71-268C-4C0D-BAE5-78F8B11025B7}.AppStore|iPhoneSimulator.Build.0 = AppStore|iPhoneSimulator
		{41574C71-268C-4C0D-BAE5-78F8B11025B7}.AppStore|x64.ActiveCfg = AppStore|iPhone
		{41574C71-268C-4C0D-BAE5-78F8B11025B7}.AppStore|x86.ActiveCfg = AppStore|iPhone
		{41574C71-268C-4C0D-BAE5-78F8B11025B7}.Debug|Any CPU.ActiveCfg = Debug|iPhone
		{41574C71-268C-4C0D-BAE5-78F8B11025B7}.Debug|ARM.ActiveCfg = Debug|iPhone
		{41574C71-268C-4C0D-BAE5-78F8B11025B7}.Debug|iPhone.ActiveCfg = Debug|iPhone
		{41574C71-268C-4C0D-BAE5-78F8B11025B7}.Debug|iPhone.Build.0 = Debug|iPhone
		{41574C71-268C-4C0D-BAE5-78F8B11025B7}.Debug|iPhoneSimulator.ActiveCfg = Debug|iPhoneSimulator
		{41574C71-268C-4C0D-BAE5-78F8B11025B7}.Debug|iPhoneSimulator.Build.0 = Debug|iPhoneSimulator
		{41574C71-268C-4C0D-BAE5-78F8B11025B7}.Debug|x64.ActiveCfg = Debug|iPhone
		{41574C71-268C-4C0D-BAE5-78F8B11025B7}.Debug|x86.ActiveCfg = Debug|iPhone
		{41574C71-268C-4C0D-BAE5-78F8B11025B7}.Release|Any CPU.ActiveCfg = Release|iPhone
		{41574C71-268C-4C0D-BAE5-78F8B11025B7}.Release|ARM.ActiveCfg = Release|iPhone
		{41574C71-268C-4C0D-BAE5-78F8B11025B7}.Release|iPhone.ActiveCfg = Release|iPhone
		{41574C71-268C-4C0D-BAE5-78F8B11025B7}.Release|iPhone.Build.0 = Release|iPhone
		{41574C71-268C-4C0D-BAE5-78F8B11025B7}.Release|iPhoneSimulator.ActiveCfg = Release|iPhoneSimulator
		{41574C71-268C-4C0D-BAE5-78F8B11025B7}.Release|iPhoneSimulator.Build.0 = Release|iPhoneSimulator
		{41574C71-268C-4C0D-BAE5-78F8B11025B7}.Release|x64.ActiveCfg = Release|iPhone
		{41574C71-268C-4C0D-BAE5-78F8B11025B7}.Release|x86.ActiveCfg = Release|iPhone
	EndGlobalSection
	GlobalSection(SolutionProperties) = preSolution
		HideSolutionNode = FALSE
	EndGlobalSection
	GlobalSection(ExtensibilityGlobals) = postSolution
		SolutionGuid = {2948B604-1BCB-4B90-9D79-A2685485A63A}
	EndGlobalSection
EndGlobal
